
Microsoft Visual Studio Solution File, Format Version 12.00
# Visual Studio Version 16
VisualStudioVersion = 16.0.30804.86
MinimumVisualStudioVersion = 10.0.40219.1
Project("{FAE04EC0-301F-11D3-BF4B-00C04F79EFBC}") = "ShopDemoC", "ShopDemoC\ShopDemoC.csproj", "{B0EABC1C-04CE-4323-951E-A94E30206281}"
EndProject
Global
	GlobalSection(SolutionConfigurationPlatforms) = preSolution
		Debug|Any CPU = Debug|Any CPU
		Release|Any CPU = Release|Any CPU
	EndGlobalSection
	GlobalSection(ProjectConfigurationPlatforms) = postSolution
		{B0EABC1C-04CE-4323-951E-A94E30206281}.Debug|Any CPU.ActiveCfg = Debug|Any CPU
		{B0EABC1C-04CE-4323-951E-A94E30206281}.Debug|Any CPU.Build.0 = Debug|Any CPU
		{B0EABC1C-04CE-4323-951E-A94E30206281}.Release|Any CPU.ActiveCfg = Release|Any CPU
		{B0EABC1C-04CE-4323-951E-A94E30206281}.Release|Any CPU.Build.0 = Release|Any CPU
	EndGlobalSection
	GlobalSection(SolutionProperties) = preSolution
		HideSolutionNode = FALSE
	EndGlobalSection
	GlobalSection(ExtensibilityGlobals) = postSolution
		SolutionGuid = {BF2C69DF-A283-4F9A-A69D-85BFEDF113FB}
	EndGlobalSection
EndGlobal
